
Microsoft Visual Studio Solution File, Format Version 11.00
# Visual Studio 2010
Project("{FAE04EC0-301F-11D3-BF4B-00C04F79EFBC}") = "Assembly-CSharp", "Assembly-CSharp.csproj", "{221E182A-6A5D-839A-016A-09C25EECA633}"
EndProject
Project("{FAE04EC0-301F-11D3-BF4B-00C04F79EFBC}") = "Assembly-CSharp-Editor", "Assembly-CSharp-Editor.csproj", "{CEDA4BA1-AF57-DD8F-987C-2F4FE56F28E0}"
EndProject
Global
	GlobalSection(SolutionConfigurationPlatforms) = preSolution
		Debug|Any CPU = Debug|Any CPU
		Release|Any CPU = Release|Any CPU
	EndGlobalSection
	GlobalSection(ProjectConfigurationPlatforms) = postSolution
		{221E182A-6A5D-839A-016A-09C25EECA633}.Debug|Any CPU.ActiveCfg = Debug|Any CPU
		{221E182A-6A5D-839A-016A-09C25EECA633}.Debug|Any CPU.Build.0 = Debug|Any CPU
		{221E182A-6A5D-839A-016A-09C25EECA633}.Release|Any CPU.ActiveCfg = Release|Any CPU
		{221E182A-6A5D-839A-016A-09C25EECA633}.Release|Any CPU.Build.0 = Release|Any CPU
		{CEDA4BA1-AF57-DD8F-987C-2F4FE56F28E0}.Debug|Any CPU.ActiveCfg = Debug|Any CPU
		{CEDA4BA1-AF57-DD8F-987C-2F4FE56F28E0}.Debug|Any CPU.Build.0 = Debug|Any CPU
		{CEDA4BA1-AF57-DD8F-987C-2F4FE56F28E0}.Release|Any CPU.ActiveCfg = Release|Any CPU
		{CEDA4BA1-AF57-DD8F-987C-2F4FE56F28E0}.Release|Any CPU.Build.0 = Release|Any CPU
	EndGlobalSection
	GlobalSection(SolutionProperties) = preSolution
		HideSolutionNode = FALSE
	EndGlobalSection
EndGlobal
